
Microsoft Visual Studio Solution File, Format Version 12.00
# Visual Studio Version 17
VisualStudioVersion = 17.10.35013.160
MinimumVisualStudioVersion = 10.0.40219.1
Project("{9A19103F-16F7-4668-BE54-9A1E7A4F7556}") = "RMS_API", "RMS_API.csproj", "{58D21B7F-EE4F-4063-A7DC-E8C9CD97ED18}"
EndProject
Project("{FAE04EC0-301F-11D3-BF4B-00C04F79EFBC}") = "RMS_Test", "..\RMS_Test\RMS_Test.csproj", "{D26213F4-4DE8-4D35-AC23-D03927CAF890}"
EndProject
Global
	GlobalSection(SolutionConfigurationPlatforms) = preSolution
		Debug|Any CPU = Debug|Any CPU
		Release|Any CPU = Release|Any CPU
	EndGlobalSection
	GlobalSection(ProjectConfigurationPlatforms) = postSolution
		{58D21B7F-EE4F-4063-A7DC-E8C9CD97ED18}.Debug|Any CPU.ActiveCfg = Debug|Any CPU
		{58D21B7F-EE4F-4063-A7DC-E8C9CD97ED18}.Debug|Any CPU.Build.0 = Debug|Any CPU
		{58D21B7F-EE4F-4063-A7DC-E8C9CD97ED18}.Release|Any CPU.ActiveCfg = Release|Any CPU
		{58D21B7F-EE4F-4063-A7DC-E8C9CD97ED18}.Release|Any CPU.Build.0 = Release|Any CPU
		{D26213F4-4DE8-4D35-AC23-D03927CAF890}.Debug|Any CPU.ActiveCfg = Debug|Any CPU
		{D26213F4-4DE8-4D35-AC23-D03927CAF890}.Debug|Any CPU.Build.0 = Debug|Any CPU
		{D26213F4-4DE8-4D35-AC23-D03927CAF890}.Release|Any CPU.ActiveCfg = Release|Any CPU
		{D26213F4-4DE8-4D35-AC23-D03927CAF890}.Release|Any CPU.Build.0 = Release|Any CPU
	EndGlobalSection
	GlobalSection(SolutionProperties) = preSolution
		HideSolutionNode = FALSE
	EndGlobalSection
	GlobalSection(ExtensibilityGlobals) = postSolution
		SolutionGuid = {1177B763-3428-48EC-9C0F-2527F661E1AD}
	EndGlobalSection
EndGlobal
